# This file is generated by running "yarn install" inside your project.
# Manual changes might be lost - proceed with caution!

__metadata:
  version: 9
  cacheKey: 10c0

"@hey-api/codegen-core@npm:0.8.4":
  version: 0.8.4
  resolution: "@hey-api/codegen-core@npm:0.8.4"
  dependencies:
    "@hey-api/types": "npm:0.1.4"
    ansi-colors: "npm:4.1.3"
    c12: "npm:3.3.4"
    color-support: "npm:1.1.3"
  checksum: 10c0/b47137419a20945d19289d438eae7721713b44ed9457ceb13bd65d1de8a325e2755dba10bd064cc942e2788a01bebe4060223efdccb1ba0311fbfe980231b6f8
  languageName: node
  linkType: hard

"@hey-api/json-schema-ref-parser@npm:1.4.3":
  version: 1.4.3
  resolution: "@hey-api/json-schema-ref-parser@npm:1.4.3"
  dependencies:
    "@jsdevtools/ono": "npm:7.1.3"
    "@types/json-schema": "npm:7.0.15"
    js-yaml: "npm:4.1.1"
  checksum: 10c0/ec92727967bb988993aa16d4ace8c44e7565bb9f0c03df74a2d834519bc1ab81a86c987653c0b0ecf9b0b3248be99391be400346009f4ec904ada283fcb5648d
  languageName: node
  linkType: hard

"@hey-api/openapi-ts@npm:0.98.1":
  version: 0.98.1
  resolution: "@hey-api/openapi-ts@npm:0.98.1"
  dependencies:
    "@hey-api/codegen-core": "npm:0.8.4"
    "@hey-api/json-schema-ref-parser": "npm:1.4.3"
    "@hey-api/shared": "npm:0.4.7"
    "@hey-api/spec-types": "npm:0.2.0"
    "@hey-api/types": "npm:0.1.4"
    "@lukeed/ms": "npm:2.0.2"
    ansi-colors: "npm:4.1.3"
    color-support: "npm:1.1.3"
    commander: "npm:14.0.3"
    get-tsconfig: "npm:4.14.0"
  peerDependencies:
    typescript: ">=5.5.3 || >=6.0.0 || 6.0.1-rc"
  bin:
    openapi-ts: ./bin/run.js
  checksum: 10c0/80f96e9b3f43546a64078b111e84d06b6454756c9cae2b730c83a70935ab3ff1ad18c0ca7c782d086d45cd1632e322c840c6602ee6cb768b12dc20ac48bc3153
  languageName: node
  linkType: hard

"@hey-api/shared@npm:0.4.7":
  version: 0.4.7
  resolution: "@hey-api/shared@npm:0.4.7"
  dependencies:
    "@hey-api/codegen-core": "npm:0.8.4"
    "@hey-api/json-schema-ref-parser": "npm:1.4.3"
    "@hey-api/spec-types": "npm:0.2.0"
    "@hey-api/types": "npm:0.1.4"
    ansi-colors: "npm:4.1.3"
    cross-spawn: "npm:7.0.6"
    open: "npm:11.0.0"
    semver: "npm:7.7.4"
  checksum: 10c0/7f14c470730773f68df7f4a6af2dc72543e65f95c1b87325dd781fca0580f044ce7a3440580d174eaa87c7d2c2e7ef1992b8731bb5bc0d1b04aad94b15676aa6
  languageName: node
  linkType: hard

"@hey-api/spec-types@npm:0.2.0":
  version: 0.2.0
  resolution: "@hey-api/spec-types@npm:0.2.0"
  dependencies:
    "@hey-api/types": "npm:0.1.4"
  checksum: 10c0/a3e20071a4442efad445dafaf90dce1a04265a2fcd6af0224e9c0a0e2ef1ee37d7f041e48ad6dba886b054bcaf3ea1bba758b7daeb5af32706315bc94ca035e9
  languageName: node
  linkType: hard

"@hey-api/types@npm:0.1.4":
  version: 0.1.4
  resolution: "@hey-api/types@npm:0.1.4"
  checksum: 10c0/9c7ae0a8b479728466bd3e129ae5e1de74bae89a21fd5b54e90682ad0ab7e2f7c9d4579af2c9419db62f101b06fabc2b20f016380c6eae11b204d4dd10e9f605
  languageName: node
  linkType: hard

"@jsdevtools/ono@npm:7.1.3":
  version: 7.1.3
  resolution: "@jsdevtools/ono@npm:7.1.3"
  checksum: 10c0/a9f7e3e8e3bc315a34959934a5e2f874c423cf4eae64377d3fc9de0400ed9f36cb5fd5ebce3300d2e8f4085f557c4a8b591427a583729a87841fda46e6c216b9
  languageName: node
  linkType: hard

"@lukeed/ms@npm:2.0.2":
  version: 2.0.2
  resolution: "@lukeed/ms@npm:2.0.2"
  checksum: 10c0/843b922717313bcde4943f478145d8bc13115b9b91d83bbaed53739b5644122984412310aed574792f4e6b492f2cbda178175f601856d310f67e14834c3f17a0
  languageName: node
  linkType: hard

"@octonode/cli@workspace:packages/cli":
  version: 0.0.0-use.local
  resolution: "@octonode/cli@workspace:packages/cli"
  dependencies:
    "@octonode/sdk": "workspace:*"
    "@supabase/supabase-js": "npm:2.107.0"
  bin:
    octonodes: dist/index.js
  languageName: unknown
  linkType: soft

"@octonode/sdk@workspace:*, @octonode/sdk@workspace:packages/sdk":
  version: 0.0.0-use.local
  resolution: "@octonode/sdk@workspace:packages/sdk"
  languageName: unknown
  linkType: soft

"@supabase/auth-js@npm:2.107.0":
  version: 2.107.0
  resolution: "@supabase/auth-js@npm:2.107.0"
  dependencies:
    tslib: "npm:2.8.1"
  checksum: 10c0/ab7406c0bbe240331b54ee753754235ab44fc66831b76492317cf720825c82aac31993e57504ce8b9cc8a16bb44d4647e7db27a9d6e12486e7daaa59fa7cf90e
  languageName: node
  linkType: hard

"@supabase/functions-js@npm:2.107.0":
  version: 2.107.0
  resolution: "@supabase/functions-js@npm:2.107.0"
  dependencies:
    tslib: "npm:2.8.1"
  checksum: 10c0/296f26780241854b2b757ef5d340c461c4c5a7404d5fcecc12090abf8815d859d10731ededbe8379e0539d4cf51a8554f5de8208ef0157fd93189e6ac5bc74b3
  languageName: node
  linkType: hard

"@supabase/phoenix@npm:^0.4.2":
  version: 0.4.5
  resolution: "@supabase/phoenix@npm:0.4.5"
  checksum: 10c0/33be3994c870eb3a5f89d3bf6d57783a14f49f710b15e852f85c9750b45f3db5a637b30f7046474fa88f40cce50620e3bce18a27d9819ae16be792776bbfeb9c
  languageName: node
  linkType: hard

"@supabase/postgrest-js@npm:2.107.0":
  version: 2.107.0
  resolution: "@supabase/postgrest-js@npm:2.107.0"
  dependencies:
    tslib: "npm:2.8.1"
  checksum: 10c0/09f9ed081b24debfd36f7d8fab5226527e835a5eab526615604c4ea3414545a625236750220ba20902c2c38c7c03d763df8fe1b95ce163fa79f57e5287318ca0
  languageName: node
  linkType: hard

"@supabase/realtime-js@npm:2.107.0":
  version: 2.107.0
  resolution: "@supabase/realtime-js@npm:2.107.0"
  dependencies:
    "@supabase/phoenix": "npm:^0.4.2"
    tslib: "npm:2.8.1"
  checksum: 10c0/698a75167ef4bc1565147838d115f4ac639efece54bb46e20551e65f9f6f72a7786e6c6e516d488ad0d01ac2a061c9503be2408b68b4f8384bad709262a289f1
  languageName: node
  linkType: hard

"@supabase/storage-js@npm:2.107.0":
  version: 2.107.0
  resolution: "@supabase/storage-js@npm:2.107.0"
  dependencies:
    iceberg-js: "npm:^0.8.1"
    tslib: "npm:2.8.1"
  checksum: 10c0/5f72e6d4ed137fc29e71affdf84334fc8d93f9317e5c40839fbe4160ffd6c135a4157d6dbace160f16fb6017226f654894af8d4e48823ebea814c2d4c7202c44
  languageName: node
  linkType: hard

"@supabase/supabase-js@npm:2.107.0":
  version: 2.107.0
  resolution: "@supabase/supabase-js@npm:2.107.0"
  dependencies:
    "@supabase/auth-js": "npm:2.107.0"
    "@supabase/functions-js": "npm:2.107.0"
    "@supabase/postgrest-js": "npm:2.107.0"
    "@supabase/realtime-js": "npm:2.107.0"
    "@supabase/storage-js": "npm:2.107.0"
  checksum: 10c0/fa934ac10d990bc548f511ce69e51ee3d32d8dca94adae57d73a30152d716f78a3f6f129bf3c385cbaa5a710610d87575b12937ffc4fb5c2289ced4207b496f0
  languageName: node
  linkType: hard

"@types/json-schema@npm:7.0.15":
  version: 7.0.15
  resolution: "@types/json-schema@npm:7.0.15"
  checksum: 10c0/a996a745e6c5d60292f36731dd41341339d4eeed8180bb09226e5c8d23759067692b1d88e5d91d72ee83dfc00d3aca8e7bd43ea120516c17922cbcb7c3e252db
  languageName: node
  linkType: hard

"@types/node@npm:^26.4.0":
  version: 26.6.0
  resolution: "@types/node@npm:26.6.0"
  dependencies:
    undici-types: "npm:~8.9.0"
  checksum: 10c0/147a3ad48c8deab7ba55b323be868b5ff9df950803a7a61662f70a50e703739c98041b68142363a7eef7a1e4b61b5d5c3d802cf2d9982125eecebe768d677bb9
  languageName: node
  linkType: hard

"ansi-colors@npm:4.1.3":
  version: 4.1.3
  resolution: "ansi-colors@npm:4.1.3"
  checksum: 10c0/ec87a2f59902f74e61eada7f6e6fe20094a628dab765cfdbd03c3477599368768cffccdb5d3bb19a1b6c99126783a143b1fee31aab729b31ffe5836c7e5e28b9
  languageName: node
  linkType: hard

"argparse@npm:^2.0.1":
  version: 2.0.1
  resolution: "argparse@npm:2.0.1"
  checksum: 10c0/c5640c2d89045371c7cedd6a70212a04e360fd34d6edeae32f6952c63949e3525ea77dbec0289d8213a99bbaeab5abfa860b5c12cf88a2e6cf8106e90dd27a7e
  languageName: node
  linkType: hard

"bundle-name@npm:^4.1.0":
  version: 4.1.0
  resolution: "bundle-name@npm:4.1.0"
  dependencies:
    run-applescript: "npm:^7.0.0"
  checksum: 10c0/8e575981e79c2bcf14d8b1c027a3775c095d362d1382312f444a7c861b0e21513c0bd8db5bd2b16e50ba0709fa622d4eab6b53192d222120305e68359daece29
  languageName: node
  linkType: hard

"c12@npm:3.3.4":
  version: 3.3.4
  resolution: "c12@npm:3.3.4"
  dependencies:
    chokidar: "npm:^5.0.0"
    confbox: "npm:^0.2.4"
    defu: "npm:^6.1.6"
    dotenv: "npm:^17.3.1"
    exsolve: "npm:^1.0.8"
    giget: "npm:^3.2.0"
    jiti: "npm:^2.6.1"
    ohash: "npm:^2.0.11"
    pathe: "npm:^2.0.3"
    perfect-debounce: "npm:^2.1.0"
    pkg-types: "npm:^2.3.0"
    rc9: "npm:^3.0.1"
  peerDependencies:
    magicast: "*"
  peerDependenciesMeta:
    magicast:
      optional: true
  checksum: 10c0/d305df0c6e219464b3460fdd3443e62590e7d0d2f331e450a44f29e31e7120a0c7a6a76b6212bc0cf9f41058e3545c4fd04b0f1c6ea8d549678ea6479d94d8ad
  languageName: node
  linkType: hard

"chokidar@npm:^5.0.0":
  version: 5.0.0
  resolution: "chokidar@npm:5.0.0"
  dependencies:
    readdirp: "npm:^5.0.0"
  checksum: 10c0/42fc907cb2a7ff5c9e220f84dae75380a77997f851c2a5e7865a2cf9ae45dd407a23557208cdcdbf3ac8c93341135a1748e4c48c31855f3bfa095e5159b6bdec
  languageName: node
  linkType: hard

"color-support@npm:1.1.3":
  version: 1.1.3
  resolution: "color-support@npm:1.1.3"
  bin:
    color-support: bin.js
  checksum: 10c0/8ffeaa270a784dc382f62d9be0a98581db43e11eee301af14734a6d089bd456478b1a8b3e7db7ca7dc5b18a75f828f775c44074020b51c05fc00e6d0992b1cc6
  languageName: node
  linkType: hard

"commander@npm:14.0.3":
  version: 14.0.3
  resolution: "commander@npm:14.0.3"
  checksum: 10c0/755652564bbf56ff2ff083313912b326450d3f8d8c85f4b71416539c9a05c3c67dbd206821ca72635bf6b160e2afdefcb458e86b317827d5cb333b69ce7f1a24
  languageName: node
  linkType: hard

"confbox@npm:^0.2.4":
  version: 0.2.4
  resolution: "confbox@npm:0.2.4"
  checksum: 10c0/4c36af33d9df7034300c452f7b289179264493bd0671fa81b995a0d70dc897b1d37f1af10d3ffb187f178d17ba1ed2ba167ed0f599ba3a139c271205dd553f73
  languageName: node
  linkType: hard

"confbox@npm:^0.3.1":
  version: 0.3.1
  resolution: "confbox@npm:0.3.1"
  checksum: 10c0/f81496a1b40cb3bf25d74c31b2ea7bf7e622b0aff1e10b7d0aebb36e8fb1d550c13c6f872ae37c9235d5a28988f71970496172a282a5123f7fd0b0812c6967cf
  languageName: node
  linkType: hard

"cross-spawn@npm:7.0.6":
  version: 7.0.6
  resolution: "cross-spawn@npm:7.0.6"
  dependencies:
    path-key: "npm:^3.1.0"
    shebang-command: "npm:^2.0.0"
    which: "npm:^2.0.1"
  checksum: 10c0/053ea8b2135caff68a9e81470e845613e374e7309a47731e81639de3eaeb90c3d01af0e0b44d2ab9d50b43467223b88567dfeb3262db942dc063b9976718ffc1
  languageName: node
  linkType: hard

"default-browser-id@npm:^5.0.0":
  version: 5.0.1
  resolution: "default-browser-id@npm:5.0.1"
  checksum: 10c0/5288b3094c740ef3a86df9b999b04ff5ba4dee6b64e7b355c0fff5217752c8c86908d67f32f6cba9bb4f9b7b61a1b640c0a4f9e34c57e0ff3493559a625245ee
  languageName: node
  linkType: hard

"default-browser@npm:^5.4.0":
  version: 5.5.1
  resolution: "default-browser@npm:5.5.1"
  dependencies:
    bundle-name: "npm:^4.1.0"
    default-browser-id: "npm:^5.0.0"
  checksum: 10c0/feb5e7a6a6f2fcbc7a6c5c78e071a4f7a3ab136e6244b9637e58fe6170f6e1254ae099cbe2ebc2b2823c387ed50fda176ce31d386f4f2ebbd43d8fb1cb6aacf7
  languageName: node
  linkType: hard

"define-lazy-prop@npm:^3.0.0":
  version: 3.0.0
  resolution: "define-lazy-prop@npm:3.0.0"
  checksum: 10c0/5ab0b2bf3fa58b3a443140bbd4cd3db1f91b985cc8a246d330b9ac3fc0b6a325a6d82bddc0b055123d745b3f9931afeea74a5ec545439a1630b9c8512b0eeb49
  languageName: node
  linkType: hard

"defu@npm:^6.1.6, defu@npm:^6.1.7":
  version: 6.1.7
  resolution: "defu@npm:6.1.7"
  checksum: 10c0/e6635388103c8be3c574ac31302f6930e5e6eeedba32cb1b30cf993c7d9fb571aec2485446dfa23bfa63e55e66156fe109027a9695db82a50f931e91e8d4bedb
  languageName: node
  linkType: hard

"destr@npm:^2.0.5":
  version: 2.0.5
  resolution: "destr@npm:2.0.5"
  checksum: 10c0/efabffe7312a45ad90d79975376be958c50069f1156b94c181199763a7f971e113bd92227c26b94a169c71ca7dbc13583b7e96e5164743969fc79e1ff153e646
  languageName: node
  linkType: hard

"dotenv@npm:^17.3.1":
  version: 17.4.2
  resolution: "dotenv@npm:17.4.2"
  checksum: 10c0/164f8e77a646c8446867d5b588d26ea6005c8ea7c5eb41cf926f6113d23f2191355f6e0cfd95ea9bab98394a5b0a3f1e51a8399711b666fe55cc7b0bd745f942
  languageName: node
  linkType: hard

"exsolve@npm:^1.0.8, exsolve@npm:^1.1.1":
  version: 1.1.1
  resolution: "exsolve@npm:1.1.1"
  checksum: 10c0/0b157a7600408bd356ff78cff5ad9c8c0dd7ca5e7f246216c3c9b66196e76277d3130021122b9c5078a3462751fd7aa988fe3dc1e3b80c79cb873c1623f628e1
  languageName: node
  linkType: hard

"get-tsconfig@npm:4.14.0":
  version: 4.14.0
  resolution: "get-tsconfig@npm:4.14.0"
  dependencies:
    resolve-pkg-maps: "npm:^1.0.0"
  checksum: 10c0/abc2b9275468eb589079a0b7a95eb5107c14fdd0ca6dda1bff116fe774ea1f79975421dcb22a0c86b4f820fcc69a7655dddf9b6d6a8a2c06fcb59e19794c0724
  languageName: node
  linkType: hard

"giget@npm:^3.2.0":
  version: 3.3.1
  resolution: "giget@npm:3.3.1"
  bin:
    giget: dist/cli.mjs
  checksum: 10c0/98cd06d78be355b0a9a0f26c4c51f384bd5d2b0cfb670f98a189520c879ea087edcba1f7c76193dfb31de73506379d9d92e43bbcb4a820ab3828259ab1fa6997
  languageName: node
  linkType: hard

"iceberg-js@npm:^0.8.1":
  version: 0.8.1
  resolution: "iceberg-js@npm:0.8.1"
  checksum: 10c0/e504da64cc26e8ad7c5344353a7203c671a740c14eb6086f20505f5e9739cab774493e616032530c962df97f2a855115cc2e89a47dd81581df5917b21a69ec48
  languageName: node
  linkType: hard

"is-docker@npm:^3.0.0":
  version: 3.0.0
  resolution: "is-docker@npm:3.0.0"
  bin:
    is-docker: cli.js
  checksum: 10c0/d2c4f8e6d3e34df75a5defd44991b6068afad4835bb783b902fa12d13ebdb8f41b2a199dcb0b5ed2cb78bfee9e4c0bbdb69c2d9646f4106464674d3e697a5856
  languageName: node
  linkType: hard

"is-in-ssh@npm:^1.0.0":
  version: 1.0.0
  resolution: "is-in-ssh@npm:1.0.0"
  checksum: 10c0/fbb4c25d85c543df09997fbe7aeca410ae0c839c5825bba2d4c672df765e9ce0e7558e781b371c0a21d6ef9bbac39b31875617a68eaaea5504438d07db9a2ffa
  languageName: node
  linkType: hard

"is-inside-container@npm:^1.0.0":
  version: 1.0.0
  resolution: "is-inside-container@npm:1.0.0"
  dependencies:
    is-docker: "npm:^3.0.0"
  bin:
    is-inside-container: cli.js
  checksum: 10c0/a8efb0e84f6197e6ff5c64c52890fa9acb49b7b74fed4da7c95383965da6f0fa592b4dbd5e38a79f87fc108196937acdbcd758fcefc9b140e479b39ce1fcd1cd
  languageName: node
  linkType: hard

"is-wsl@npm:^3.1.0":
  version: 3.1.1
  resolution: "is-wsl@npm:3.1.1"
  dependencies:
    is-inside-container: "npm:^1.0.0"
  checksum: 10c0/7e5023522bfb8f27de4de960b0d82c4a8146c0bddb186529a3616d78b5bbbfc19ef0c5fc60d0b3a3cc0bf95a415fbdedc18454310ea3049587c879b07ace5107
  languageName: node
  linkType: hard

"isexe@npm:^2.0.0":
  version: 2.0.0
  resolution: "isexe@npm:2.0.0"
  checksum: 10c0/228cfa503fadc2c31596ab06ed6aa82c9976eec2bfd83397e7eaf06d0ccf42cd1dfd6743bf9aeb01aebd4156d009994c5f76ea898d2832c1fe342da923ca457d
  languageName: node
  linkType: hard

"jiti@npm:^2.6.1":
  version: 2.7.0
  resolution: "jiti@npm:2.7.0"
  bin:
    jiti: lib/jiti-cli.mjs
  checksum: 10c0/1b1e2310a490dce1aeea3da5f5dfe18273516c20ce48be2e98eb8ea452d5f3dcc8fd0cfd6d28b4052a24c5dbab6e3089b2d7e79f0bce7915b10d750929563c42
  languageName: node
  linkType: hard

"js-yaml@npm:4.1.1":
  version: 4.1.1
  resolution: "js-yaml@npm:4.1.1"
  dependencies:
    argparse: "npm:^2.0.1"
  bin:
    js-yaml: bin/js-yaml.js
  checksum: 10c0/561c7d7088c40a9bb53cc75becbfb1df6ae49b34b5e6e5a81744b14ae8667ec564ad2527709d1a6e7d5e5fa6d483aa0f373a50ad98d42fde368ec4a190d4fae7
  languageName: node
  linkType: hard

"octonode-devtools@workspace:.":
  version: 0.0.0-use.local
  resolution: "octonode-devtools@workspace:."
  dependencies:
    "@hey-api/openapi-ts": "npm:0.98.1"
    "@types/node": "npm:^26.4.0"
    typescript: "npm:5.9.3"
  languageName: unknown
  linkType: soft

"ohash@npm:^2.0.11":
  version: 2.0.12
  resolution: "ohash@npm:2.0.12"
  checksum: 10c0/29a47fa554bfc80d5fcea6ee347296de97cc900abd7d3f502ac3379ce7631770a66c6e942582e0f1ddc8fb2b1246521383d8d6f634fd4f9a0935e315af728b61
  languageName: node
  linkType: hard

"open@npm:11.0.0":
  version: 11.0.0
  resolution: "open@npm:11.0.0"
  dependencies:
    default-browser: "npm:^5.4.0"
    define-lazy-prop: "npm:^3.0.0"
    is-in-ssh: "npm:^1.0.0"
    is-inside-container: "npm:^1.0.0"
    powershell-utils: "npm:^0.1.0"
    wsl-utils: "npm:^0.3.0"
  checksum: 10c0/7aeeda4131268ed90f90e7728dda5c46bb0c6205b27a4be3e86ea33593e30dd393423e20e31c00802a8e635ef59becaee33ef9749a8ceb027567cd253e9e7b1e
  languageName: node
  linkType: hard

"path-key@npm:^3.1.0":
  version: 3.1.1
  resolution: "path-key@npm:3.1.1"
  checksum: 10c0/748c43efd5a569c039d7a00a03b58eecd1d75f3999f5a28303d75f521288df4823bc057d8784eb72358b2895a05f29a070bc9f1f17d28226cc4e62494cc58c4c
  languageName: node
  linkType: hard

"pathe@npm:^2.0.3":
  version: 2.0.3
  resolution: "pathe@npm:2.0.3"
  checksum: 10c0/c118dc5a8b5c4166011b2b70608762e260085180bb9e33e80a50dcdb1e78c010b1624f4280c492c92b05fc276715a4c357d1f9edc570f8f1b3d90b6839ebaca1
  languageName: node
  linkType: hard

"perfect-debounce@npm:^2.1.0":
  version: 2.1.0
  resolution: "perfect-debounce@npm:2.1.0"
  checksum: 10c0/c4f833816f249129cea996d60b1351b640cf06954ab4eecaca440234ef70f4aefe6483637049750f5b00e15a5036307ea77f831c9779d6ad878457680af49b6d
  languageName: node
  linkType: hard

"pkg-types@npm:^2.3.0":
  version: 2.3.3
  resolution: "pkg-types@npm:2.3.3"
  dependencies:
    confbox: "npm:^0.3.1"
    exsolve: "npm:^1.1.1"
    pathe: "npm:^2.0.3"
  checksum: 10c0/37d08d561428ab3dc09eebddd8860d9ab7851bbceeaa99d3b7fb246bdc4638d22be2cc1f8e8e38b440c5c7b30df7c20f2cbd8f0d74bb343d26a836cd9accd931
  languageName: node
  linkType: hard

"powershell-utils@npm:^0.1.0":
  version: 0.1.0
  resolution: "powershell-utils@npm:0.1.0"
  checksum: 10c0/a64713cf3583259c9ed6be211c06b4b19e8608bcb0f7f6287ffac0a95b8c7582b6b662eea0e201fd659492c8e9f9c5fd0bfc4579645c5add9c1a600075621c95
  languageName: node
  linkType: hard

"rc9@npm:^3.0.1":
  version: 3.1.0
  resolution: "rc9@npm:3.1.0"
  dependencies:
    defu: "npm:^6.1.7"
    destr: "npm:^2.0.5"
  checksum: 10c0/80822ef4ea7b8d600df054b790944854509efa6875cdaf32a18f1a854819e96b58d67926aeff366f4c32773b09368d71c82348b4e7efb8ad01426998d1e99c7b
  languageName: node
  linkType: hard

"readdirp@npm:^5.0.0":
  version: 5.1.1
  resolution: "readdirp@npm:5.1.1"
  checksum: 10c0/5e99755684b9104761e48801828f4d2614efa33b1698629929c5985184dc63a7f8233c827832c40dc7be16b00cc871d303cf9de396d2fb74b9465ee2aa2424a1
  languageName: node
  linkType: hard

"resolve-pkg-maps@npm:^1.0.0":
  version: 1.0.0
  resolution: "resolve-pkg-maps@npm:1.0.0"
  checksum: 10c0/fb8f7bbe2ca281a73b7ef423a1cbc786fb244bd7a95cbe5c3fba25b27d327150beca8ba02f622baea65919a57e061eb5005204daa5f93ed590d9b77463a567ab
  languageName: node
  linkType: hard

"run-applescript@npm:^7.0.0":
  version: 7.1.0
  resolution: "run-applescript@npm:7.1.0"
  checksum: 10c0/ab826c57c20f244b2ee807704b1ef4ba7f566aa766481ae5922aac785e2570809e297c69afcccc3593095b538a8a77d26f2b2e9a1d9dffee24e0e039502d1a03
  languageName: node
  linkType: hard

"semver@npm:7.7.4":
  version: 7.7.4
  resolution: "semver@npm:7.7.4"
  bin:
    semver: bin/semver.js
  checksum: 10c0/5215ad0234e2845d4ea5bb9d836d42b03499546ddafb12075566899fc617f68794bb6f146076b6881d755de17d6c6cc73372555879ec7dce2c2feee947866ad2
  languageName: node
  linkType: hard

"shebang-command@npm:^2.0.0":
  version: 2.0.0
  resolution: "shebang-command@npm:2.0.0"
  dependencies:
    shebang-regex: "npm:^3.0.0"
  checksum: 10c0/a41692e7d89a553ef21d324a5cceb5f686d1f3c040759c50aab69688634688c5c327f26f3ecf7001ebfd78c01f3c7c0a11a7c8bfd0a8bc9f6240d4f40b224e4e
  languageName: node
  linkType: hard

"shebang-regex@npm:^3.0.0":
  version: 3.0.0
  resolution: "shebang-regex@npm:3.0.0"
  checksum: 10c0/1dbed0726dd0e1152a92696c76c7f06084eb32a90f0528d11acd764043aacf76994b2fb30aa1291a21bd019d6699164d048286309a278855ee7bec06cf6fb690
  languageName: node
  linkType: hard

"tslib@npm:2.8.1":
  version: 2.8.1
  resolution: "tslib@npm:2.8.1"
  checksum: 10c0/9c4759110a19c53f992d9aae23aac5ced636e99887b51b9e61def52611732872ff7668757d4e4c61f19691e36f4da981cd9485e869b4a7408d689f6bf1f14e62
  languageName: node
  linkType: hard

"typescript@npm:5.9.3":
  version: 5.9.3
  resolution: "typescript@npm:5.9.3"
  bin:
    tsc: bin/tsc
    tsserver: bin/tsserver
  checksum: 10c0/6bd7552ce39f97e711db5aa048f6f9995b53f1c52f7d8667c1abdc1700c68a76a308f579cd309ce6b53646deb4e9a1be7c813a93baaf0a28ccd536a30270e1c5
  languageName: node
  linkType: hard

"typescript@patch:typescript@npm%3A5.9.3#optional!builtin<compat/typescript>":
  version: 5.9.3
  resolution: "typescript@patch:typescript@npm%3A5.9.3#optional!builtin<compat/typescript>::version=5.9.3&hash=5786d5"
  bin:
    tsc: bin/tsc
    tsserver: bin/tsserver
  checksum: 10c0/ad09fdf7a756814dce65bc60c1657b40d44451346858eea230e10f2e95a289d9183b6e32e5c11e95acc0ccc214b4f36289dcad4bf1886b0adb84d711d336a430
  languageName: node
  linkType: hard

"undici-types@npm:~8.9.0":
  version: 8.9.0
  resolution: "undici-types@npm:8.9.0"
  checksum: 10c0/51c712c20c087368f62c6fc0f2bc49fa76bfe5dec28ff01584bb677ff29b0622569783c02d43e151143808c48c0503f804093bd2c491b10f2a830138034cb451
  languageName: node
  linkType: hard

"which@npm:^2.0.1":
  version: 2.0.2
  resolution: "which@npm:2.0.2"
  dependencies:
    isexe: "npm:^2.0.0"
  bin:
    node-which: ./bin/node-which
  checksum: 10c0/66522872a768b60c2a65a57e8ad184e5372f5b6a9ca6d5f033d4b0dc98aff63995655a7503b9c0a2598936f532120e81dd8cc155e2e92ed662a2b9377cc4374f
  languageName: node
  linkType: hard

"wsl-utils@npm:^0.3.0":
  version: 0.3.1
  resolution: "wsl-utils@npm:0.3.1"
  dependencies:
    is-wsl: "npm:^3.1.0"
    powershell-utils: "npm:^0.1.0"
  checksum: 10c0/b3ba99cc6b71f66457eef598d529beeb8cb57a72646877fe25993894b808c60b82f6d47df5463f0b6e54632272f62f5eaea105c12784fd09b06f500f3f53aa2e
  languageName: node
  linkType: hard
